// !$*UTF8*$!
{
	archiveVersion = 1;
	classes = {
	};
	objectVersion = 52;
	objects = {

/* Begin PBXBuildFile section */
		5608DC84271F18F300A88729 /* BlogCell.swift in Sources */ = {isa = PBXBuildFile; fileRef = 5608DC82271F18F300A88729 /* BlogCell.swift */; };
		5608DC85271F18F300A88729 /* BlogCell.xib in Resources */ = {isa = PBXBuildFile; fileRef = 5608DC83271F18F300A88729 /* BlogCell.xib */; };
		5608DC872721374D00A88729 /* BlogViewModel.swift in Sources */ = {isa = PBXBuildFile; fileRef = 5608DC862721374D00A88729 /* BlogViewModel.swift */; };
		5608DC89272189D300A88729 /* DateFormatHelper.swift in Sources */ = {isa = PBXBuildFile; fileRef = 5608DC88272189D300A88729 /* DateFormatHelper.swift */; };
		5608DC8B27218D8F00A88729 /* BacklogDetail.storyboard in Resources */ = {isa = PBXBuildFile; fileRef = 5608DC8A27218D8F00A88729 /* BacklogDetail.storyboard */; };
		5608DC8D27218FBA00A88729 /* BlogPostViewController.swift in Sources */ = {isa = PBXBuildFile; fileRef = 5608DC8C27218FBA00A88729 /* BlogPostViewController.swift */; };
		5608DC8F2721A3D800A88729 /* PostViewModel.swift in Sources */ = {isa = PBXBuildFile; fileRef = 5608DC8E2721A3D800A88729 /* PostViewModel.swift */; };
		5608DC912721AF8700A88729 /* ViewControllerHelper.swift in Sources */ = {isa = PBXBuildFile; fileRef = 5608DC902721AF8700A88729 /* ViewControllerHelper.swift */; };
		5608DC952722F72A00A88729 /* PageCell.swift in Sources */ = {isa = PBXBuildFile; fileRef = 5608DC932722F72900A88729 /* PageCell.swift */; };
		5608DC962722F72A00A88729 /* PageCell.xib in Resources */ = {isa = PBXBuildFile; fileRef = 5608DC942722F72900A88729 /* PageCell.xib */; };
		5608DC982722F7A400A88729 /* PageViewModel.swift in Sources */ = {isa = PBXBuildFile; fileRef = 5608DC972722F7A400A88729 /* PageViewModel.swift */; };
		5608DC9A2722F84500A88729 /* PagesViewModel.swift in Sources */ = {isa = PBXBuildFile; fileRef = 5608DC992722F84500A88729 /* PagesViewModel.swift */; };
		5608DC9C2722F8DD00A88729 /* CaseStudyPageFields.swift in Sources */ = {isa = PBXBuildFile; fileRef = 5608DC9B2722F8DD00A88729 /* CaseStudyPageFields.swift */; };
		5618169727269A85002873B3 /* PageDetail.storyboard in Resources */ = {isa = PBXBuildFile; fileRef = 5618169627269A85002873B3 /* PageDetail.storyboard */; };
		561816992726A0A4002873B3 /* PageViewController.swift in Sources */ = {isa = PBXBuildFile; fileRef = 561816982726A0A4002873B3 /* PageViewController.swift */; };
		5618169B2726C3C3002873B3 /* UIScrallViewHelper.swift in Sources */ = {isa = PBXBuildFile; fileRef = 5618169A2726C3C3002873B3 /* UIScrallViewHelper.swift */; };
		5618169D27281BD6002873B3 /* FaqCollectionItem.swift in Sources */ = {isa = PBXBuildFile; fileRef = 5618169C27281BD6002873B3 /* FaqCollectionItem.swift */; };
		5618169F27281D82002873B3 /* FaqCollectionViewModel.swift in Sources */ = {isa = PBXBuildFile; fileRef = 5618169E27281D82002873B3 /* FaqCollectionViewModel.swift */; };
		561816A527282123002873B3 /* CollectionItemCell.swift in Sources */ = {isa = PBXBuildFile; fileRef = 561816A327282123002873B3 /* CollectionItemCell.swift */; };
		561816A627282123002873B3 /* CollectionItemCell.xib in Resources */ = {isa = PBXBuildFile; fileRef = 561816A427282123002873B3 /* CollectionItemCell.xib */; };
		561816A9272AF059002873B3 /* AlamofireImage in Frameworks */ = {isa = PBXBuildFile; productRef = 561816A8272AF059002873B3 /* AlamofireImage */; };
		561816AB272B2C69002873B3 /* README.md in Resources */ = {isa = PBXBuildFile; fileRef = 561816AA272B2C69002873B3 /* README.md */; };
		563425C32707531500C621EB /* Assets.xcassets in Resources */ = {isa = PBXBuildFile; fileRef = 56F7065F26C5A798006D1194 /* Assets.xcassets */; };
		567D430B2747CE8F000C54BE /* collections.PNG in Resources */ = {isa = PBXBuildFile; fileRef = 567D43072747CE8F000C54BE /* collections.PNG */; };
		567D430C2747CE8F000C54BE /* home.PNG in Resources */ = {isa = PBXBuildFile; fileRef = 567D43082747CE8F000C54BE /* home.PNG */; };
		567D430D2747CE8F000C54BE /* blogs.PNG in Resources */ = {isa = PBXBuildFile; fileRef = 567D43092747CE8F000C54BE /* blogs.PNG */; };
		567D430E2747CE8F000C54BE /* pages.PNG in Resources */ = {isa = PBXBuildFile; fileRef = 567D430A2747CE8F000C54BE /* pages.PNG */; };
		56C8AD9526F4880C0034A41F /* ButterCMSSDK in Frameworks */ = {isa = PBXBuildFile; productRef = 56C8AD9426F4880C0034A41F /* ButterCMSSDK */; };
		56C8AD9926F4A0DE0034A41F /* HomePageFields.swift in Sources */ = {isa = PBXBuildFile; fileRef = 56C8AD9826F4A0DE0034A41F /* HomePageFields.swift */; };
		56C8AD9D26F4A2AE0034A41F /* ButterCMSManager.swift in Sources */ = {isa = PBXBuildFile; fileRef = 56C8AD9C26F4A2AE0034A41F /* ButterCMSManager.swift */; };
		56C8ADA026F4C9720034A41F /* HomeViewModel.swift in Sources */ = {isa = PBXBuildFile; fileRef = 56C8AD9F26F4C9720034A41F /* HomeViewModel.swift */; };
		56C8ADA726F65F780034A41F /* HomeTitleCell.swift in Sources */ = {isa = PBXBuildFile; fileRef = 56C8ADA526F65F780034A41F /* HomeTitleCell.swift */; };
		56C8ADA826F65F780034A41F /* HomeTitleCell.xib in Resources */ = {isa = PBXBuildFile; fileRef = 56C8ADA626F65F780034A41F /* HomeTitleCell.xib */; };
		56CD39BE26FCB4ED003B26E9 /* HomeSectionCell.swift in Sources */ = {isa = PBXBuildFile; fileRef = 56CD39BC26FCB4EC003B26E9 /* HomeSectionCell.swift */; };
		56CD39BF26FCB4ED003B26E9 /* HomeSectionCell.xib in Resources */ = {isa = PBXBuildFile; fileRef = 56CD39BD26FCB4EC003B26E9 /* HomeSectionCell.xib */; };
		56EE670C26F0E40C00108698 /* HomeViewController.swift in Sources */ = {isa = PBXBuildFile; fileRef = 56EE670B26F0E40C00108698 /* HomeViewController.swift */; };
		56EE670E26F0E5A700108698 /* BlogViewController.swift in Sources */ = {isa = PBXBuildFile; fileRef = 56EE670D26F0E5A700108698 /* BlogViewController.swift */; };
		56EE671026F0E5BF00108698 /* PagesViewController.swift in Sources */ = {isa = PBXBuildFile; fileRef = 56EE670F26F0E5BF00108698 /* PagesViewController.swift */; };
		56EE671226F0E5D600108698 /* CollectionsViewController.swift in Sources */ = {isa = PBXBuildFile; fileRef = 56EE671126F0E5D600108698 /* CollectionsViewController.swift */; };
		56F7065726C5A795006D1194 /* AppDelegate.swift in Sources */ = {isa = PBXBuildFile; fileRef = 56F7065626C5A795006D1194 /* AppDelegate.swift */; };
		56F7065926C5A795006D1194 /* SceneDelegate.swift in Sources */ = {isa = PBXBuildFile; fileRef = 56F7065826C5A795006D1194 /* SceneDelegate.swift */; };
		56F7065B26C5A795006D1194 /* ViewController.swift in Sources */ = {isa = PBXBuildFile; fileRef = 56F7065A26C5A795006D1194 /* ViewController.swift */; };
		56F7065E26C5A795006D1194 /* Main.storyboard in Resources */ = {isa = PBXBuildFile; fileRef = 56F7065C26C5A795006D1194 /* Main.storyboard */; };
		56F7066326C5A798006D1194 /* LaunchScreen.storyboard in Resources */ = {isa = PBXBuildFile; fileRef = 56F7066126C5A798006D1194 /* LaunchScreen.storyboard */; };
		56FD0B002700A42800C595D5 /* WebViewController.swift in Sources */ = {isa = PBXBuildFile; fileRef = 56FD0AFF2700A42800C595D5 /* WebViewController.swift */; };
		56FD0B0327021A9400C595D5 /* UIButtonHelper.swift in Sources */ = {isa = PBXBuildFile; fileRef = 56FD0B0227021A9400C595D5 /* UIButtonHelper.swift */; };
		56FD0B0627021CAC00C595D5 /* HomeDocurlCell.swift in Sources */ = {isa = PBXBuildFile; fileRef = 56FD0B0427021CAC00C595D5 /* HomeDocurlCell.swift */; };
		56FD0B0727021CAC00C595D5 /* HomeDocurlCell.xib in Resources */ = {isa = PBXBuildFile; fileRef = 56FD0B0527021CAC00C595D5 /* HomeDocurlCell.xib */; };
/* End PBXBuildFile section */

/* Begin PBXFileReference section */
		5608DC82271F18F300A88729 /* BlogCell.swift */ = {isa = PBXFileReference; lastKnownFileType = sourcecode.swift; path = BlogCell.swift; sourceTree = "<group>"; };
		5608DC83271F18F300A88729 /* BlogCell.xib */ = {isa = PBXFileReference; lastKnownFileType = file.xib; path = BlogCell.xib; sourceTree = "<group>"; };
		5608DC862721374D00A88729 /* BlogViewModel.swift */ = {isa = PBXFileReference; lastKnownFileType = sourcecode.swift; path = BlogViewModel.swift; sourceTree = "<group>"; };
		5608DC88272189D300A88729 /* DateFormatHelper.swift */ = {isa = PBXFileReference; lastKnownFileType = sourcecode.swift; path = DateFormatHelper.swift; sourceTree = "<group>"; };
		5608DC8A27218D8F00A88729 /* BacklogDetail.storyboard */ = {isa = PBXFileReference; lastKnownFileType = file.storyboard; path = BacklogDetail.storyboard; sourceTree = "<group>"; };
		5608DC8C27218FBA00A88729 /* BlogPostViewController.swift */ = {isa = PBXFileReference; lastKnownFileType = sourcecode.swift; path = BlogPostViewController.swift; sourceTree = "<group>"; };
		5608DC8E2721A3D800A88729 /* PostViewModel.swift */ = {isa = PBXFileReference; lastKnownFileType = sourcecode.swift; path = PostViewModel.swift; sourceTree = "<group>"; };
		5608DC902721AF8700A88729 /* ViewControllerHelper.swift */ = {isa = PBXFileReference; lastKnownFileType = sourcecode.swift; path = ViewControllerHelper.swift; sourceTree = "<group>"; };
		5608DC932722F72900A88729 /* PageCell.swift */ = {isa = PBXFileReference; lastKnownFileType = sourcecode.swift; path = PageCell.swift; sourceTree = "<group>"; };
		5608DC942722F72900A88729 /* PageCell.xib */ = {isa = PBXFileReference; lastKnownFileType = file.xib; path = PageCell.xib; sourceTree = "<group>"; };
		5608DC972722F7A400A88729 /* PageViewModel.swift */ = {isa = PBXFileReference; lastKnownFileType = sourcecode.swift; path = PageViewModel.swift; sourceTree = "<group>"; };
		5608DC992722F84500A88729 /* PagesViewModel.swift */ = {isa = PBXFileReference; lastKnownFileType = sourcecode.swift; path = PagesViewModel.swift; sourceTree = "<group>"; };
		5608DC9B2722F8DD00A88729 /* CaseStudyPageFields.swift */ = {isa = PBXFileReference; lastKnownFileType = sourcecode.swift; path = CaseStudyPageFields.swift; sourceTree = "<group>"; };
		5618169627269A85002873B3 /* PageDetail.storyboard */ = {isa = PBXFileReference; lastKnownFileType = file.storyboard; path = PageDetail.storyboard; sourceTree = "<group>"; };
		561816982726A0A4002873B3 /* PageViewController.swift */ = {isa = PBXFileReference; lastKnownFileType = sourcecode.swift; path = PageViewController.swift; sourceTree = "<group>"; };
		5618169A2726C3C3002873B3 /* UIScrallViewHelper.swift */ = {isa = PBXFileReference; lastKnownFileType = sourcecode.swift; path = UIScrallViewHelper.swift; sourceTree = "<group>"; };
		5618169C27281BD6002873B3 /* FaqCollectionItem.swift */ = {isa = PBXFileReference; lastKnownFileType = sourcecode.swift; path = FaqCollectionItem.swift; sourceTree = "<group>"; };
		5618169E27281D82002873B3 /* FaqCollectionViewModel.swift */ = {isa = PBXFileReference; lastKnownFileType = sourcecode.swift; path = FaqCollectionViewModel.swift; sourceTree = "<group>"; };
		561816A327282123002873B3 /* CollectionItemCell.swift */ = {isa = PBXFileReference; lastKnownFileType = sourcecode.swift; path = CollectionItemCell.swift; sourceTree = "<group>"; };
		561816A427282123002873B3 /* CollectionItemCell.xib */ = {isa = PBXFileReference; lastKnownFileType = file.xib; path = CollectionItemCell.xib; sourceTree = "<group>"; };
		561816AA272B2C69002873B3 /* README.md */ = {isa = PBXFileReference; fileEncoding = 4; lastKnownFileType = net.daringfireball.markdown; path = README.md; sourceTree = "<group>"; };
		567D43072747CE8F000C54BE /* collections.PNG */ = {isa = PBXFileReference; lastKnownFileType = image.png; path = collections.PNG; sourceTree = "<group>"; };
		567D43082747CE8F000C54BE /* home.PNG */ = {isa = PBXFileReference; lastKnownFileType = image.png; path = home.PNG; sourceTree = "<group>"; };
		567D43092747CE8F000C54BE /* blogs.PNG */ = {isa = PBXFileReference; lastKnownFileType = image.png; path = blogs.PNG; sourceTree = "<group>"; };
		567D430A2747CE8F000C54BE /* pages.PNG */ = {isa = PBXFileReference; lastKnownFileType = image.png; path = pages.PNG; sourceTree = "<group>"; };
		56C8AD9826F4A0DE0034A41F /* HomePageFields.swift */ = {isa = PBXFileReference; lastKnownFileType = sourcecode.swift; path = HomePageFields.swift; sourceTree = "<group>"; };
		56C8AD9C26F4A2AE0034A41F /* ButterCMSManager.swift */ = {isa = PBXFileReference; lastKnownFileType = sourcecode.swift; path = ButterCMSManager.swift; sourceTree = "<group>"; };
		56C8AD9F26F4C9720034A41F /* HomeViewModel.swift */ = {isa = PBXFileReference; lastKnownFileType = sourcecode.swift; path = HomeViewModel.swift; sourceTree = "<group>"; };
		56C8ADA526F65F780034A41F /* HomeTitleCell.swift */ = {isa = PBXFileReference; lastKnownFileType = sourcecode.swift; path = HomeTitleCell.swift; sourceTree = "<group>"; };
		56C8ADA626F65F780034A41F /* HomeTitleCell.xib */ = {isa = PBXFileReference; lastKnownFileType = file.xib; path = HomeTitleCell.xib; sourceTree = "<group>"; };
		56CD39BC26FCB4EC003B26E9 /* HomeSectionCell.swift */ = {isa = PBXFileReference; lastKnownFileType = sourcecode.swift; path = HomeSectionCell.swift; sourceTree = "<group>"; };
		56CD39BD26FCB4EC003B26E9 /* HomeSectionCell.xib */ = {isa = PBXFileReference; lastKnownFileType = file.xib; path = HomeSectionCell.xib; sourceTree = "<group>"; };
		56EE670B26F0E40C00108698 /* HomeViewController.swift */ = {isa = PBXFileReference; lastKnownFileType = sourcecode.swift; path = HomeViewController.swift; sourceTree = "<group>"; };
		56EE670D26F0E5A700108698 /* BlogViewController.swift */ = {isa = PBXFileReference; lastKnownFileType = sourcecode.swift; path = BlogViewController.swift; sourceTree = "<group>"; };
		56EE670F26F0E5BF00108698 /* PagesViewController.swift */ = {isa = PBXFileReference; lastKnownFileType = sourcecode.swift; path = PagesViewController.swift; sourceTree = "<group>"; };
		56EE671126F0E5D600108698 /* CollectionsViewController.swift */ = {isa = PBXFileReference; lastKnownFileType = sourcecode.swift; path = CollectionsViewController.swift; sourceTree = "<group>"; };
		56F7065326C5A795006D1194 /* ButterCMSSample.app */ = {isa = PBXFileReference; explicitFileType = wrapper.application; includeInIndex = 0; path = ButterCMSSample.app; sourceTree = BUILT_PRODUCTS_DIR; };
		56F7065626C5A795006D1194 /* AppDelegate.swift */ = {isa = PBXFileReference; lastKnownFileType = sourcecode.swift; path = AppDelegate.swift; sourceTree = "<group>"; };
		56F7065826C5A795006D1194 /* SceneDelegate.swift */ = {isa = PBXFileReference; lastKnownFileType = sourcecode.swift; path = SceneDelegate.swift; sourceTree = "<group>"; };
		56F7065A26C5A795006D1194 /* ViewController.swift */ = {isa = PBXFileReference; lastKnownFileType = sourcecode.swift; path = ViewController.swift; sourceTree = "<group>"; };
		56F7065D26C5A795006D1194 /* Base */ = {isa = PBXFileReference; lastKnownFileType = file.storyboard; name = Base; path = Base.lproj/Main.storyboard; sourceTree = "<group>"; };
		56F7065F26C5A798006D1194 /* Assets.xcassets */ = {isa = PBXFileReference; lastKnownFileType = folder.assetcatalog; name = Assets.xcassets; path = ButterCMSSample/Assets/Assets.xcassets; sourceTree = SOURCE_ROOT; };
		56F7066226C5A798006D1194 /* Base */ = {isa = PBXFileReference; lastKnownFileType = file.storyboard; name = Base; path = Base.lproj/LaunchScreen.storyboard; sourceTree = "<group>"; };
		56F7066426C5A798006D1194 /* Info.plist */ = {isa = PBXFileReference; lastKnownFileType = text.plist.xml; path = Info.plist; sourceTree = "<group>"; };
		56FD0AFF2700A42800C595D5 /* WebViewController.swift */ = {isa = PBXFileReference; lastKnownFileType = sourcecode.swift; path = WebViewController.swift; sourceTree = "<group>"; };
		56FD0B0227021A9400C595D5 /* UIButtonHelper.swift */ = {isa = PBXFileReference; lastKnownFileType = sourcecode.swift; path = UIButtonHelper.swift; sourceTree = "<group>"; };
		56FD0B0427021CAC00C595D5 /* HomeDocurlCell.swift */ = {isa = PBXFileReference; lastKnownFileType = sourcecode.swift; path = HomeDocurlCell.swift; sourceTree = "<group>"; };
		56FD0B0527021CAC00C595D5 /* HomeDocurlCell.xib */ = {isa = PBXFileReference; lastKnownFileType = file.xib; path = HomeDocurlCell.xib; sourceTree = "<group>"; };
/* End PBXFileReference section */

/* Begin PBXFrameworksBuildPhase section */
		56F7065026C5A794006D1194 /* Frameworks */ = {
			isa = PBXFrameworksBuildPhase;
			buildActionMask = 2147483647;
			files = (
				56C8AD9526F4880C0034A41F /* ButterCMSSDK in Frameworks */,
				561816A9272AF059002873B3 /* AlamofireImage in Frameworks */,
			);
			runOnlyForDeploymentPostprocessing = 0;
		};
/* End PBXFrameworksBuildPhase section */

/* Begin PBXGroup section */
		5608DC80271F186200A88729 /* Home */ = {
			isa = PBXGroup;
			children = (
				56C8ADA526F65F780034A41F /* HomeTitleCell.swift */,
				56C8ADA626F65F780034A41F /* HomeTitleCell.xib */,
				56CD39BC26FCB4EC003B26E9 /* HomeSectionCell.swift */,
				56CD39BD26FCB4EC003B26E9 /* HomeSectionCell.xib */,
				56FD0B0427021CAC00C595D5 /* HomeDocurlCell.swift */,
				56FD0B0527021CAC00C595D5 /* HomeDocurlCell.xib */,
			);
			name = Home;
			sourceTree = "<group>";
		};
		5608DC81271F187D00A88729 /* Blog */ = {
			isa = PBXGroup;
			children = (
				5608DC82271F18F300A88729 /* BlogCell.swift */,
				5608DC83271F18F300A88729 /* BlogCell.xib */,
				5608DC8A27218D8F00A88729 /* BacklogDetail.storyboard */,
			);
			path = Blog;
			sourceTree = "<group>";
		};
		5608DC922722F70400A88729 /* Page */ = {
			isa = PBXGroup;
			children = (
				5608DC932722F72900A88729 /* PageCell.swift */,
				5608DC942722F72900A88729 /* PageCell.xib */,
				5618169627269A85002873B3 /* PageDetail.storyboard */,
			);
			name = Page;
			sourceTree = "<group>";
		};
		561816A2272820E3002873B3 /* Collection */ = {
			isa = PBXGroup;
			children = (
				561816A327282123002873B3 /* CollectionItemCell.swift */,
				561816A427282123002873B3 /* CollectionItemCell.xib */,
			);
			path = Collection;
			sourceTree = "<group>";
		};
		563425C4270753A900C621EB /* Assets */ = {
			isa = PBXGroup;
			children = (
				56F7065F26C5A798006D1194 /* Assets.xcassets */,
			);
			path = Assets;
			sourceTree = "<group>";
		};
		567D43062747CAD5000C54BE /* screenshot */ = {
			isa = PBXGroup;
			children = (
				567D43092747CE8F000C54BE /* blogs.PNG */,
				567D43072747CE8F000C54BE /* collections.PNG */,
				567D43082747CE8F000C54BE /* home.PNG */,
				567D430A2747CE8F000C54BE /* pages.PNG */,
			);
			path = screenshot;
			sourceTree = "<group>";
		};
		56C8AD9626F48D350034A41F /* Views */ = {
			isa = PBXGroup;
			children = (
				561816A2272820E3002873B3 /* Collection */,
				5608DC922722F70400A88729 /* Page */,
				5608DC81271F187D00A88729 /* Blog */,
				5608DC80271F186200A88729 /* Home */,
				56F7065C26C5A795006D1194 /* Main.storyboard */,
			);
			path = Views;
			sourceTree = "<group>";
		};
		56C8AD9726F4A0BE0034A41F /* Model */ = {
			isa = PBXGroup;
			children = (
				56C8AD9826F4A0DE0034A41F /* HomePageFields.swift */,
				5608DC9B2722F8DD00A88729 /* CaseStudyPageFields.swift */,
				5618169C27281BD6002873B3 /* FaqCollectionItem.swift */,
			);
			path = Model;
			sourceTree = "<group>";
		};
		56C8AD9B26F4A2940034A41F /* Managers */ = {
			isa = PBXGroup;
			children = (
				56C8AD9C26F4A2AE0034A41F /* ButterCMSManager.swift */,
			);
			path = Managers;
			sourceTree = "<group>";
		};
		56C8AD9E26F4C8570034A41F /* ViewModel */ = {
			isa = PBXGroup;
			children = (
				56C8AD9F26F4C9720034A41F /* HomeViewModel.swift */,
				5608DC862721374D00A88729 /* BlogViewModel.swift */,
				5608DC8E2721A3D800A88729 /* PostViewModel.swift */,
				5608DC972722F7A400A88729 /* PageViewModel.swift */,
				5608DC992722F84500A88729 /* PagesViewModel.swift */,
				5618169E27281D82002873B3 /* FaqCollectionViewModel.swift */,
			);
			path = ViewModel;
			sourceTree = "<group>";
		};
		56EE670A26F0E3C500108698 /* ViewControllers */ = {
			isa = PBXGroup;
			children = (
				56EE670B26F0E40C00108698 /* HomeViewController.swift */,
				56EE670D26F0E5A700108698 /* BlogViewController.swift */,
				5608DC8C27218FBA00A88729 /* BlogPostViewController.swift */,
				56EE670F26F0E5BF00108698 /* PagesViewController.swift */,
				56EE671126F0E5D600108698 /* CollectionsViewController.swift */,
				56FD0AFF2700A42800C595D5 /* WebViewController.swift */,
				561816982726A0A4002873B3 /* PageViewController.swift */,
			);
			path = ViewControllers;
			sourceTree = "<group>";
		};
		56F7064A26C5A794006D1194 = {
			isa = PBXGroup;
			children = (
				567D43062747CAD5000C54BE /* screenshot */,
				561816AA272B2C69002873B3 /* README.md */,
				56F7065526C5A795006D1194 /* ButterCMSSample */,
				56F7065426C5A795006D1194 /* Products */,
			);
			sourceTree = "<group>";
		};
		56F7065426C5A795006D1194 /* Products */ = {
			isa = PBXGroup;
			children = (
				56F7065326C5A795006D1194 /* ButterCMSSample.app */,
			);
			name = Products;
			sourceTree = "<group>";
		};
		56F7065526C5A795006D1194 /* ButterCMSSample */ = {
			isa = PBXGroup;
			children = (
				563425C4270753A900C621EB /* Assets */,
				56FD0B0127021A6700C595D5 /* Helpers */,
				56C8AD9E26F4C8570034A41F /* ViewModel */,
				56C8AD9B26F4A2940034A41F /* Managers */,
				56C8AD9726F4A0BE0034A41F /* Model */,
				56C8AD9626F48D350034A41F /* Views */,
				56EE670A26F0E3C500108698 /* ViewControllers */,
				56F7065626C5A795006D1194 /* AppDelegate.swift */,
				56F7065826C5A795006D1194 /* SceneDelegate.swift */,
				56F7065A26C5A795006D1194 /* ViewController.swift */,
				56F7066126C5A798006D1194 /* LaunchScreen.storyboard */,
				56F7066426C5A798006D1194 /* Info.plist */,
			);
			path = ButterCMSSample;
			sourceTree = "<group>";
		};
		56FD0B0127021A6700C595D5 /* Helpers */ = {
			isa = PBXGroup;
			children = (
				56FD0B0227021A9400C595D5 /* UIButtonHelper.swift */,
				5608DC88272189D300A88729 /* DateFormatHelper.swift */,
				5608DC902721AF8700A88729 /* ViewControllerHelper.swift */,
				5618169A2726C3C3002873B3 /* UIScrallViewHelper.swift */,
			);
			path = Helpers;
			sourceTree = "<group>";
		};
/* End PBXGroup section */

/* Begin PBXNativeTarget section */
		56F7065226C5A794006D1194 /* ButterCMSSample */ = {
			isa = PBXNativeTarget;
			buildConfigurationList = 56F7066726C5A798006D1194 /* Build configuration list for PBXNativeTarget "ButterCMSSample" */;
			buildPhases = (
				56F7064F26C5A794006D1194 /* Sources */,
				56F7065026C5A794006D1194 /* Frameworks */,
				56F7065126C5A794006D1194 /* Resources */,
				56F7066D26C5AC02006D1194 /* ShellScript */,
			);
			buildRules = (
			);
			dependencies = (
			);
			name = ButterCMSSample;
			packageProductDependencies = (
				56C8AD9426F4880C0034A41F /* ButterCMSSDK */,
				561816A8272AF059002873B3 /* AlamofireImage */,
			);
			productName = ButterCMSSample;
			productReference = 56F7065326C5A795006D1194 /* ButterCMSSample.app */;
			productType = "com.apple.product-type.application";
		};
/* End PBXNativeTarget section */

/* Begin PBXProject section */
		56F7064B26C5A794006D1194 /* Project object */ = {
			isa = PBXProject;
			attributes = {
				LastSwiftUpdateCheck = 1250;
				LastUpgradeCheck = 1250;
				TargetAttributes = {
					56F7065226C5A794006D1194 = {
						CreatedOnToolsVersion = 12.5.1;
					};
				};
			};
			buildConfigurationList = 56F7064E26C5A794006D1194 /* Build configuration list for PBXProject "ButterCMSSample" */;
			compatibilityVersion = "Xcode 9.3";
			developmentRegion = en;
			hasScannedForEncodings = 0;
			knownRegions = (
				en,
				Base,
			);
			mainGroup = 56F7064A26C5A794006D1194;
			packageReferences = (
				56C8AD9326F4880C0034A41F /* XCRemoteSwiftPackageReference "buttercms-swift" */,
				561816A7272AF059002873B3 /* XCRemoteSwiftPackageReference "AlamofireImage" */,
			);
			productRefGroup = 56F7065426C5A795006D1194 /* Products */;
			projectDirPath = "";
			projectRoot = "";
			targets = (
				56F7065226C5A794006D1194 /* ButterCMSSample */,
			);
		};
/* End PBXProject section */

/* Begin PBXResourcesBuildPhase section */
		56F7065126C5A794006D1194 /* Resources */ = {
			isa = PBXResourcesBuildPhase;
			buildActionMask = 2147483647;
			files = (
				5618169727269A85002873B3 /* PageDetail.storyboard in Resources */,
				561816A627282123002873B3 /* CollectionItemCell.xib in Resources */,
				56F7066326C5A798006D1194 /* LaunchScreen.storyboard in Resources */,
				567D430B2747CE8F000C54BE /* collections.PNG in Resources */,
				5608DC85271F18F300A88729 /* BlogCell.xib in Resources */,
				56FD0B0727021CAC00C595D5 /* HomeDocurlCell.xib in Resources */,
				56CD39BF26FCB4ED003B26E9 /* HomeSectionCell.xib in Resources */,
				561816AB272B2C69002873B3 /* README.md in Resources */,
				56C8ADA826F65F780034A41F /* HomeTitleCell.xib in Resources */,
				5608DC962722F72A00A88729 /* PageCell.xib in Resources */,
				5608DC8B27218D8F00A88729 /* BacklogDetail.storyboard in Resources */,
				567D430D2747CE8F000C54BE /* blogs.PNG in Resources */,
				567D430E2747CE8F000C54BE /* pages.PNG in Resources */,
				563425C32707531500C621EB /* Assets.xcassets in Resources */,
				567D430C2747CE8F000C54BE /* home.PNG in Resources */,
				56F7065E26C5A795006D1194 /* Main.storyboard in Resources */,
			);
			runOnlyForDeploymentPostprocessing = 0;
		};
/* End PBXResourcesBuildPhase section */

/* Begin PBXShellScriptBuildPhase section */
		56F7066D26C5AC02006D1194 /* ShellScript */ = {
			isa = PBXShellScriptBuildPhase;
			buildActionMask = 2147483647;
			files = (
			);
			inputFileListPaths = (
			);
			inputPaths = (
			);
			outputFileListPaths = (
			);
			outputPaths = (
			);
			runOnlyForDeploymentPostprocessing = 0;
			shellPath = /bin/sh;
			shellScript = "if which swiftlint >/dev/null; then\n  swiftlint\nelse\n  echo \"warning: SwiftLint not installed, download from https://github.com/realm/SwiftLint\"\nfi\n";
		};
/* End PBXShellScriptBuildPhase section */

/* Begin PBXSourcesBuildPhase section */
		56F7064F26C5A794006D1194 /* Sources */ = {
			isa = PBXSourcesBuildPhase;
			buildActionMask = 2147483647;
			files = (
				5608DC8F2721A3D800A88729 /* PostViewModel.swift in Sources */,
				56C8AD9D26F4A2AE0034A41F /* ButterCMSManager.swift in Sources */,
				561816A527282123002873B3 /* CollectionItemCell.swift in Sources */,
				56EE671226F0E5D600108698 /* CollectionsViewController.swift in Sources */,
				5608DC9A2722F84500A88729 /* PagesViewModel.swift in Sources */,
				56CD39BE26FCB4ED003B26E9 /* HomeSectionCell.swift in Sources */,
				5618169F27281D82002873B3 /* FaqCollectionViewModel.swift in Sources */,
				56EE670C26F0E40C00108698 /* HomeViewController.swift in Sources */,
				56C8ADA026F4C9720034A41F /* HomeViewModel.swift in Sources */,
				5608DC952722F72A00A88729 /* PageCell.swift in Sources */,
				56FD0B0327021A9400C595D5 /* UIButtonHelper.swift in Sources */,
				56EE670E26F0E5A700108698 /* BlogViewController.swift in Sources */,
				5608DC982722F7A400A88729 /* PageViewModel.swift in Sources */,
				561816992726A0A4002873B3 /* PageViewController.swift in Sources */,
				56F7065B26C5A795006D1194 /* ViewController.swift in Sources */,
				5608DC89272189D300A88729 /* DateFormatHelper.swift in Sources */,
				5608DC8D27218FBA00A88729 /* BlogPostViewController.swift in Sources */,
				56FD0B0627021CAC00C595D5 /* HomeDocurlCell.swift in Sources */,
				56EE671026F0E5BF00108698 /* PagesViewController.swift in Sources */,
				56C8ADA726F65F780034A41F /* HomeTitleCell.swift in Sources */,
				56F7065726C5A795006D1194 /* AppDelegate.swift in Sources */,
				5608DC872721374D00A88729 /* BlogViewModel.swift in Sources */,
				56F7065926C5A795006D1194 /* SceneDelegate.swift in Sources */,
				5618169B2726C3C3002873B3 /* UIScrallViewHelper.swift in Sources */,
				5608DC9C2722F8DD00A88729 /* CaseStudyPageFields.swift in Sources */,
				5608DC912721AF8700A88729 /* ViewControllerHelper.swift in Sources */,
				5618169D27281BD6002873B3 /* FaqCollectionItem.swift in Sources */,
				5608DC84271F18F300A88729 /* BlogCell.swift in Sources */,
				56FD0B002700A42800C595D5 /* WebViewController.swift in Sources */,
				56C8AD9926F4A0DE0034A41F /* HomePageFields.swift in Sources */,
			);
			runOnlyForDeploymentPostprocessing = 0;
		};
/* End PBXSourcesBuildPhase section */

/* Begin PBXVariantGroup section */
		56F7065C26C5A795006D1194 /* Main.storyboard */ = {
			isa = PBXVariantGroup;
			children = (
				56F7065D26C5A795006D1194 /* Base */,
			);
			name = Main.storyboard;
			sourceTree = "<group>";
		};
		56F7066126C5A798006D1194 /* LaunchScreen.storyboard */ = {
			isa = PBXVariantGroup;
			children = (
				56F7066226C5A798006D1194 /* Base */,
			);
			name = LaunchScreen.storyboard;
			sourceTree = "<group>";
		};
/* End PBXVariantGroup section */

/* Begin XCBuildConfiguration section */
		56F7066526C5A798006D1194 /* Debug */ = {
			isa = XCBuildConfiguration;
			buildSettings = {
				ALWAYS_SEARCH_USER_PATHS = NO;
				CLANG_ANALYZER_NONNULL = YES;
				CLANG_ANALYZER_NUMBER_OBJECT_CONVERSION = YES_AGGRESSIVE;
				CLANG_CXX_LANGUAGE_STANDARD = "gnu++14";
				CLANG_CXX_LIBRARY = "libc++";
				CLANG_ENABLE_MODULES = YES;
				CLANG_ENABLE_OBJC_ARC = YES;
				CLANG_ENABLE_OBJC_WEAK = YES;
				CLANG_WARN_BLOCK_CAPTURE_AUTORELEASING = YES;
				CLANG_WARN_BOOL_CONVERSION = YES;
				CLANG_WARN_COMMA = YES;
				CLANG_WARN_CONSTANT_CONVERSION = YES;
				CLANG_WARN_DEPRECATED_OBJC_IMPLEMENTATIONS = YES;
				CLANG_WARN_DIRECT_OBJC_ISA_USAGE = YES_ERROR;
				CLANG_WARN_DOCUMENTATION_COMMENTS = YES;
				CLANG_WARN_EMPTY_BODY = YES;
				CLANG_WARN_ENUM_CONVERSION = YES;
				CLANG_WARN_INFINITE_RECURSION = YES;
				CLANG_WARN_INT_CONVERSION = YES;
				CLANG_WARN_NON_LITERAL_NULL_CONVERSION = YES;
				CLANG_WARN_OBJC_IMPLICIT_RETAIN_SELF = YES;
				CLANG_WARN_OBJC_LITERAL_CONVERSION = YES;
				CLANG_WARN_OBJC_ROOT_CLASS = YES_ERROR;
				CLANG_WARN_QUOTED_INCLUDE_IN_FRAMEWORK_HEADER = YES;
				CLANG_WARN_RANGE_LOOP_ANALYSIS = YES;
				CLANG_WARN_STRICT_PROTOTYPES = YES;
				CLANG_WARN_SUSPICIOUS_MOVE = YES;
				CLANG_WARN_UNGUARDED_AVAILABILITY = YES_AGGRESSIVE;
				CLANG_WARN_UNREACHABLE_CODE = YES;
				CLANG_WARN__DUPLICATE_METHOD_MATCH = YES;
				COPY_PHASE_STRIP = NO;
				DEBUG_INFORMATION_FORMAT = dwarf;
				ENABLE_STRICT_OBJC_MSGSEND = YES;
				ENABLE_TESTABILITY = YES;
				GCC_C_LANGUAGE_STANDARD = gnu11;
				GCC_DYNAMIC_NO_PIC = NO;
				GCC_NO_COMMON_BLOCKS = YES;
				GCC_OPTIMIZATION_LEVEL = 0;
				GCC_PREPROCESSOR_DEFINITIONS = (
					"DEBUG=1",
					"$(inherited)",
				);
				GCC_WARN_64_TO_32_BIT_CONVERSION = YES;
				GCC_WARN_ABOUT_RETURN_TYPE = YES_ERROR;
				GCC_WARN_UNDECLARED_SELECTOR = YES;
				GCC_WARN_UNINITIALIZED_AUTOS = YES_AGGRESSIVE;
				GCC_WARN_UNUSED_FUNCTION = YES;
				GCC_WARN_UNUSED_VARIABLE = YES;
				IPHONEOS_DEPLOYMENT_TARGET = 14.5;
				MTL_ENABLE_DEBUG_INFO = INCLUDE_SOURCE;
				MTL_FAST_MATH = YES;
				ONLY_ACTIVE_ARCH = YES;
				SDKROOT = iphoneos;
				SWIFT_ACTIVE_COMPILATION_CONDITIONS = DEBUG;
				SWIFT_OPTIMIZATION_LEVEL = "-Onone";
			};
			name = Debug;
		};
		56F7066626C5A798006D1194 /* Release */ = {
			isa = XCBuildConfiguration;
			buildSettings = {
				ALWAYS_SEARCH_USER_PATHS = NO;
				CLANG_ANALYZER_NONNULL = YES;
				CLANG_ANALYZER_NUMBER_OBJECT_CONVERSION = YES_AGGRESSIVE;
				CLANG_CXX_LANGUAGE_STANDARD = "gnu++14";
				CLANG_CXX_LIBRARY = "libc++";
				CLANG_ENABLE_MODULES = YES;
				CLANG_ENABLE_OBJC_ARC = YES;
				CLANG_ENABLE_OBJC_WEAK = YES;
				CLANG_WARN_BLOCK_CAPTURE_AUTORELEASING = YES;
				CLANG_WARN_BOOL_CONVERSION = YES;
				CLANG_WARN_COMMA = YES;
				CLANG_WARN_CONSTANT_CONVERSION = YES;
				CLANG_WARN_DEPRECATED_OBJC_IMPLEMENTATIONS = YES;
				CLANG_WARN_DIRECT_OBJC_ISA_USAGE = YES_ERROR;
				CLANG_WARN_DOCUMENTATION_COMMENTS = YES;
				CLANG_WARN_EMPTY_BODY = YES;
				CLANG_WARN_ENUM_CONVERSION = YES;
				CLANG_WARN_INFINITE_RECURSION = YES;
				CLANG_WARN_INT_CONVERSION = YES;
				CLANG_WARN_NON_LITERAL_NULL_CONVERSION = YES;
				CLANG_WARN_OBJC_IMPLICIT_RETAIN_SELF = YES;
				CLANG_WARN_OBJC_LITERAL_CONVERSION = YES;
				CLANG_WARN_OBJC_ROOT_CLASS = YES_ERROR;
				CLANG_WARN_QUOTED_INCLUDE_IN_FRAMEWORK_HEADER = YES;
				CLANG_WARN_RANGE_LOOP_ANALYSIS = YES;
				CLANG_WARN_STRICT_PROTOTYPES = YES;
				CLANG_WARN_SUSPICIOUS_MOVE = YES;
				CLANG_WARN_UNGUARDED_AVAILABILITY = YES_AGGRESSIVE;
				CLANG_WARN_UNREACHABLE_CODE = YES;
				CLANG_WARN__DUPLICATE_METHOD_MATCH = YES;
				COPY_PHASE_STRIP = NO;
				DEBUG_INFORMATION_FORMAT = "dwarf-with-dsym";
				ENABLE_NS_ASSERTIONS = NO;
				ENABLE_STRICT_OBJC_MSGSEND = YES;
				GCC_C_LANGUAGE_STANDARD = gnu11;
				GCC_NO_COMMON_BLOCKS = YES;
				GCC_WARN_64_TO_32_BIT_CONVERSION = YES;
				GCC_WARN_ABOUT_RETURN_TYPE = YES_ERROR;
				GCC_WARN_UNDECLARED_SELECTOR = YES;
				GCC_WARN_UNINITIALIZED_AUTOS = YES_AGGRESSIVE;
				GCC_WARN_UNUSED_FUNCTION = YES;
				GCC_WARN_UNUSED_VARIABLE = YES;
				IPHONEOS_DEPLOYMENT_TARGET = 14.5;
				MTL_ENABLE_DEBUG_INFO = NO;
				MTL_FAST_MATH = YES;
				SDKROOT = iphoneos;
				SWIFT_COMPILATION_MODE = wholemodule;
				SWIFT_OPTIMIZATION_LEVEL = "-O";
				VALIDATE_PRODUCT = YES;
			};
			name = Release;
		};
		56F7066826C5A798006D1194 /* Debug */ = {
			isa = XCBuildConfiguration;
			buildSettings = {
				ASSETCATALOG_COMPILER_APPICON_NAME = AppIcon;
				ASSETCATALOG_COMPILER_GLOBAL_ACCENT_COLOR_NAME = AccentColor;
				ASSETCATALOG_COMPILER_INCLUDE_ALL_APPICON_ASSETS = NO;
				CODE_SIGN_STYLE = Automatic;
				DEVELOPMENT_TEAM = E2Q27ZEA7C;
				INFOPLIST_FILE = ButterCMSSample/Info.plist;
				IPHONEOS_DEPLOYMENT_TARGET = 14.1;
				LD_RUNPATH_SEARCH_PATHS = (
					"$(inherited)",
					"@executable_path/Frameworks",
				);
				PRODUCT_BUNDLE_IDENTIFIER = com.msrb.ButterCMSSample;
				PRODUCT_NAME = "$(TARGET_NAME)";
				SWIFT_VERSION = 5.0;
				TARGETED_DEVICE_FAMILY = "1,2";
			};
			name = Debug;
		};
		56F7066926C5A798006D1194 /* Release */ = {
			isa = XCBuildConfiguration;
			buildSettings = {
				ASSETCATALOG_COMPILER_APPICON_NAME = AppIcon;
				ASSETCATALOG_COMPILER_GLOBAL_ACCENT_COLOR_NAME = AccentColor;
				ASSETCATALOG_COMPILER_INCLUDE_ALL_APPICON_ASSETS = NO;
				CODE_SIGN_STYLE = Automatic;
				DEVELOPMENT_TEAM = E2Q27ZEA7C;
				INFOPLIST_FILE = ButterCMSSample/Info.plist;
				IPHONEOS_DEPLOYMENT_TARGET = 14.1;
				LD_RUNPATH_SEARCH_PATHS = (
					"$(inherited)",
					"@executable_path/Frameworks",
				);
				PRODUCT_BUNDLE_IDENTIFIER = com.msrb.ButterCMSSample;
				PRODUCT_NAME = "$(TARGET_NAME)";
				SWIFT_VERSION = 5.0;
				TARGETED_DEVICE_FAMILY = "1,2";
			};
			name = Release;
		};
/* End XCBuildConfiguration section */

/* Begin XCConfigurationList section */
		56F7064E26C5A794006D1194 /* Build configuration list for PBXProject "ButterCMSSample" */ = {
			isa = XCConfigurationList;
			buildConfigurations = (
				56F7066526C5A798006D1194 /* Debug */,
				56F7066626C5A798006D1194 /* Release */,
			);
			defaultConfigurationIsVisible = 0;
			defaultConfigurationName = Release;
		};
		56F7066726C5A798006D1194 /* Build configuration list for PBXNativeTarget "ButterCMSSample" */ = {
			isa = XCConfigurationList;
			buildConfigurations = (
				56F7066826C5A798006D1194 /* Debug */,
				56F7066926C5A798006D1194 /* Release */,
			);
			defaultConfigurationIsVisible = 0;
			defaultConfigurationName = Release;
		};
/* End XCConfigurationList section */

/* Begin XCRemoteSwiftPackageReference section */
		561816A7272AF059002873B3 /* XCRemoteSwiftPackageReference "AlamofireImage" */ = {
			isa = XCRemoteSwiftPackageReference;
			repositoryURL = "https://github.com/Alamofire/AlamofireImage.git";
			requirement = {
				kind = upToNextMajorVersion;
				minimumVersion = 4.0.0;
			};
		};
		56C8AD9326F4880C0034A41F /* XCRemoteSwiftPackageReference "buttercms-swift" */ = {
			isa = XCRemoteSwiftPackageReference;
			repositoryURL = "https://github.com/ButterCMS/buttercms-swift.git";
			requirement = {
				kind = upToNextMajorVersion;
				minimumVersion = 1.0.4;
			};
		};
/* End XCRemoteSwiftPackageReference section */

/* Begin XCSwiftPackageProductDependency section */
		561816A8272AF059002873B3 /* AlamofireImage */ = {
			isa = XCSwiftPackageProductDependency;
			package = 561816A7272AF059002873B3 /* XCRemoteSwiftPackageReference "AlamofireImage" */;
			productName = AlamofireImage;
		};
		56C8AD9426F4880C0034A41F /* ButterCMSSDK */ = {
			isa = XCSwiftPackageProductDependency;
			package = 56C8AD9326F4880C0034A41F /* XCRemoteSwiftPackageReference "buttercms-swift" */;
			productName = ButterCMSSDK;
		};
/* End XCSwiftPackageProductDependency section */
	};
	rootObject = 56F7064B26C5A794006D1194 /* Project object */;
}
