{
  "object": {
    "pins": [
      {
        "package": "ButterCMSSDK",
        "repositoryURL": "https://github.com/ButterCMS/buttercms-swift.git",
        "state": {
          "branch": null,
          "revision": "fed018f8c23d995ceaf9c18942b7fdfbbdaeba06",
          "version": "1.0.5"
        }
      }
    ]
  },
  "version": 1
}
