{
  "object": {
    "pins": [
      {
        "package": "Alamofire",
        "repositoryURL": "https://github.com/Alamofire/Alamofire.git",
        "state": {
          "branch": null,
          "revision": "d120af1e8638c7da36c8481fd61a66c0c08dc4fc",
          "version": "5.4.4"
        }
      },
      {
        "package": "AlamofireImage",
        "repositoryURL": "https://github.com/Alamofire/AlamofireImage.git",
        "state": {
          "branch": null,
          "revision": "98cbb00ce0ec5fc8e52a5b50a6bfc08d3e5aee10",
          "version": "4.2.0"
        }
      },
      {
        "package": "ButterCMSSDK",
        "repositoryURL": "https://github.com/ButterCMS/buttercms-swift.git",
        "state": {
          "branch": null,
          "revision": "fed018f8c23d995ceaf9c18942b7fdfbbdaeba06",
          "version": "1.0.5"
        }
      }
    ]
  },
  "version": 1
}
